
Microsoft Visual Studio Solution File, Format Version 12.00
Project("{FAE04EC0-301F-11D3-BF4B-00C04F79EFBC}") = "WumpusCore", "WumpusCore.csproj", "{20024C3F-3BAA-43EA-81CD-BD1137931B9B}"
EndProject
Global
	GlobalSection(SolutionConfigurationPlatforms) = preSolution
		Debug|Any CPU = Debug|Any CPU
		Release|Any CPU = Release|Any CPU
	EndGlobalSection
	GlobalSection(ProjectConfigurationPlatforms) = postSolution
		{20024C3F-3BAA-43EA-81CD-BD1137931B9B}.Debug|Any CPU.ActiveCfg = Debug|Any CPU
		{20024C3F-3BAA-43EA-81CD-BD1137931B9B}.Debug|Any CPU.Build.0 = Debug|Any CPU
		{20024C3F-3BAA-43EA-81CD-BD1137931B9B}.Release|Any CPU.ActiveCfg = Release|Any CPU
		{20024C3F-3BAA-43EA-81CD-BD1137931B9B}.Release|Any CPU.Build.0 = Release|Any CPU
	EndGlobalSection
EndGlobal
