
Microsoft Visual Studio Solution File, Format Version 12.00
# Visual Studio Version 17
VisualStudioVersion = 17.7.34018.315
MinimumVisualStudioVersion = 10.0.40219.1
Project("{FAE04EC0-301F-11D3-BF4B-00C04F79EFBC}") = "WumpusCore", "WumpusCore\WumpusCore.csproj", "{20024C3F-3BAA-43EA-81CD-BD1137931B9B}"
EndProject
Project("{FAE04EC0-301F-11D3-BF4B-00C04F79EFBC}") = "WumpusTesting", "WumpusTesting\WumpusTesting.csproj", "{6F2E14B0-65E6-4C3C-8C13-D29D1715749E}"
EndProject
Project("{FAE04EC0-301F-11D3-BF4B-00C04F79EFBC}") = "Map Editor", "Map Editor\Map Editor.csproj", "{33042A65-561A-429A-86AC-F9BAB7F3C068}"
EndProject
Global
	GlobalSection(SolutionConfigurationPlatforms) = preSolution
		Debug|Any CPU = Debug|Any CPU
		Release|Any CPU = Release|Any CPU
	EndGlobalSection
	GlobalSection(ProjectConfigurationPlatforms) = postSolution
		{20024C3F-3BAA-43EA-81CD-BD1137931B9B}.Debug|Any CPU.ActiveCfg = Debug|Any CPU
		{20024C3F-3BAA-43EA-81CD-BD1137931B9B}.Debug|Any CPU.Build.0 = Debug|Any CPU
		{20024C3F-3BAA-43EA-81CD-BD1137931B9B}.Release|Any CPU.ActiveCfg = Release|Any CPU
		{20024C3F-3BAA-43EA-81CD-BD1137931B9B}.Release|Any CPU.Build.0 = Release|Any CPU
		{6F2E14B0-65E6-4C3C-8C13-D29D1715749E}.Debug|Any CPU.ActiveCfg = Debug|Any CPU
		{6F2E14B0-65E6-4C3C-8C13-D29D1715749E}.Debug|Any CPU.Build.0 = Debug|Any CPU
		{6F2E14B0-65E6-4C3C-8C13-D29D1715749E}.Release|Any CPU.ActiveCfg = Release|Any CPU
		{6F2E14B0-65E6-4C3C-8C13-D29D1715749E}.Release|Any CPU.Build.0 = Release|Any CPU
		{33042A65-561A-429A-86AC-F9BAB7F3C068}.Debug|Any CPU.ActiveCfg = Debug|Any CPU
		{33042A65-561A-429A-86AC-F9BAB7F3C068}.Debug|Any CPU.Build.0 = Debug|Any CPU
		{33042A65-561A-429A-86AC-F9BAB7F3C068}.Release|Any CPU.ActiveCfg = Release|Any CPU
		{33042A65-561A-429A-86AC-F9BAB7F3C068}.Release|Any CPU.Build.0 = Release|Any CPU
	EndGlobalSection
	GlobalSection(SolutionProperties) = preSolution
		HideSolutionNode = FALSE
	EndGlobalSection
EndGlobal
